
Microsoft Visual Studio Solution File, Format Version 12.00
# Visual Studio Version 16
VisualStudioVersion = 16.0.30804.86
MinimumVisualStudioVersion = 10.0.40219.1
Project("{9A19103F-16F7-4668-BE54-9A1E7A4F7556}") = "StudyDemo", "StudyDemo\StudyDemo.csproj", "{86628EAA-E912-489E-8528-6680C02C8217}"
EndProject
Project("{9A19103F-16F7-4668-BE54-9A1E7A4F7556}") = "XmlTest", "XmlTest\XmlTest.csproj", "{FE703AD9-7682-4FB6-AB87-61DCA26FBAD5}"
EndProject
Project("{9A19103F-16F7-4668-BE54-9A1E7A4F7556}") = "LinqTest", "LinqTest\LinqTest.csproj", "{1EFE3013-A066-42EC-BA64-7CEEC7E868D2}"
EndProject
Project("{9A19103F-16F7-4668-BE54-9A1E7A4F7556}") = "WebBrowserTest", "WebBrowserTest\WebBrowserTest.csproj", "{D7171132-09E0-4963-9F4A-902BFA95F5CC}"
EndProject
Project("{9A19103F-16F7-4668-BE54-9A1E7A4F7556}") = "IOTest", "IOTest\IOTest.csproj", "{74E41EAB-A414-41BE-8585-596D4365F6DF}"
EndProject
Project("{9A19103F-16F7-4668-BE54-9A1E7A4F7556}") = "MvvmTest", "LiveChartsTest\MvvmTest.csproj", "{39FCA1EC-8570-474B-86E5-069A124E4803}"
EndProject
Project("{9A19103F-16F7-4668-BE54-9A1E7A4F7556}") = "LiveChartsDemo", "LiveChartsDemo\LiveChartsDemo.csproj", "{B3241812-B5B8-42FC-AA29-F76B72D4A303}"
EndProject
Project("{FAE04EC0-301F-11D3-BF4B-00C04F79EFBC}") = "ReflectionText", "ReflectionText\ReflectionText.csproj", "{5373438B-93D6-40AB-B680-080E60F81188}"
EndProject
Global
	GlobalSection(SolutionConfigurationPlatforms) = preSolution
		Debug|Any CPU = Debug|Any CPU
		Release|Any CPU = Release|Any CPU
	EndGlobalSection
	GlobalSection(ProjectConfigurationPlatforms) = postSolution
		{86628EAA-E912-489E-8528-6680C02C8217}.Debug|Any CPU.ActiveCfg = Debug|Any CPU
		{86628EAA-E912-489E-8528-6680C02C8217}.Debug|Any CPU.Build.0 = Debug|Any CPU
		{86628EAA-E912-489E-8528-6680C02C8217}.Release|Any CPU.ActiveCfg = Release|Any CPU
		{86628EAA-E912-489E-8528-6680C02C8217}.Release|Any CPU.Build.0 = Release|Any CPU
		{FE703AD9-7682-4FB6-AB87-61DCA26FBAD5}.Debug|Any CPU.ActiveCfg = Debug|Any CPU
		{FE703AD9-7682-4FB6-AB87-61DCA26FBAD5}.Debug|Any CPU.Build.0 = Debug|Any CPU
		{FE703AD9-7682-4FB6-AB87-61DCA26FBAD5}.Release|Any CPU.ActiveCfg = Release|Any CPU
		{FE703AD9-7682-4FB6-AB87-61DCA26FBAD5}.Release|Any CPU.Build.0 = Release|Any CPU
		{1EFE3013-A066-42EC-BA64-7CEEC7E868D2}.Debug|Any CPU.ActiveCfg = Debug|Any CPU
		{1EFE3013-A066-42EC-BA64-7CEEC7E868D2}.Debug|Any CPU.Build.0 = Debug|Any CPU
		{1EFE3013-A066-42EC-BA64-7CEEC7E868D2}.Release|Any CPU.ActiveCfg = Release|Any CPU
		{1EFE3013-A066-42EC-BA64-7CEEC7E868D2}.Release|Any CPU.Build.0 = Release|Any CPU
		{D7171132-09E0-4963-9F4A-902BFA95F5CC}.Debug|Any CPU.ActiveCfg = Debug|Any CPU
		{D7171132-09E0-4963-9F4A-902BFA95F5CC}.Debug|Any CPU.Build.0 = Debug|Any CPU
		{D7171132-09E0-4963-9F4A-902BFA95F5CC}.Release|Any CPU.ActiveCfg = Release|Any CPU
		{D7171132-09E0-4963-9F4A-902BFA95F5CC}.Release|Any CPU.Build.0 = Release|Any CPU
		{74E41EAB-A414-41BE-8585-596D4365F6DF}.Debug|Any CPU.ActiveCfg = Debug|Any CPU
		{74E41EAB-A414-41BE-8585-596D4365F6DF}.Debug|Any CPU.Build.0 = Debug|Any CPU
		{74E41EAB-A414-41BE-8585-596D4365F6DF}.Release|Any CPU.ActiveCfg = Release|Any CPU
		{74E41EAB-A414-41BE-8585-596D4365F6DF}.Release|Any CPU.Build.0 = Release|Any CPU
		{39FCA1EC-8570-474B-86E5-069A124E4803}.Debug|Any CPU.ActiveCfg = Debug|Any CPU
		{39FCA1EC-8570-474B-86E5-069A124E4803}.Debug|Any CPU.Build.0 = Debug|Any CPU
		{39FCA1EC-8570-474B-86E5-069A124E4803}.Release|Any CPU.ActiveCfg = Release|Any CPU
		{39FCA1EC-8570-474B-86E5-069A124E4803}.Release|Any CPU.Build.0 = Release|Any CPU
		{B3241812-B5B8-42FC-AA29-F76B72D4A303}.Debug|Any CPU.ActiveCfg = Debug|Any CPU
		{B3241812-B5B8-42FC-AA29-F76B72D4A303}.Debug|Any CPU.Build.0 = Debug|Any CPU
		{B3241812-B5B8-42FC-AA29-F76B72D4A303}.Release|Any CPU.ActiveCfg = Release|Any CPU
		{B3241812-B5B8-42FC-AA29-F76B72D4A303}.Release|Any CPU.Build.0 = Release|Any CPU
		{5373438B-93D6-40AB-B680-080E60F81188}.Debug|Any CPU.ActiveCfg = Debug|Any CPU
		{5373438B-93D6-40AB-B680-080E60F81188}.Debug|Any CPU.Build.0 = Debug|Any CPU
		{5373438B-93D6-40AB-B680-080E60F81188}.Release|Any CPU.ActiveCfg = Release|Any CPU
		{5373438B-93D6-40AB-B680-080E60F81188}.Release|Any CPU.Build.0 = Release|Any CPU
	EndGlobalSection
	GlobalSection(SolutionProperties) = preSolution
		HideSolutionNode = FALSE
	EndGlobalSection
	GlobalSection(ExtensibilityGlobals) = postSolution
		SolutionGuid = {698F866D-2C42-4BD9-9723-85A3BDBD3522}
	EndGlobalSection
EndGlobal
